
Microsoft Visual Studio Solution File, Format Version 12.00
# Visual Studio Version 16
VisualStudioVersion = 16.0.32602.291
MinimumVisualStudioVersion = 10.0.40219.1
Project("{8BC9CEB8-8B4A-11D0-8D11-00A0C91BC942}") = "Djikstra Nodes", "Djikstra Nodes\Djikstra Nodes.vcxproj", "{FED71DE8-AAAD-4560-8881-E210781EB402}"
EndProject
Global
	GlobalSection(SolutionConfigurationPlatforms) = preSolution
		Debug|x64 = Debug|x64
		Debug|x86 = Debug|x86
		Release|x64 = Release|x64
		Release|x86 = Release|x86
	EndGlobalSection
	GlobalSection(ProjectConfigurationPlatforms) = postSolution
		{FED71DE8-AAAD-4560-8881-E210781EB402}.Debug|x64.ActiveCfg = Debug|x64
		{FED71DE8-AAAD-4560-8881-E210781EB402}.Debug|x64.Build.0 = Debug|x64
		{FED71DE8-AAAD-4560-8881-E210781EB402}.Debug|x86.ActiveCfg = Debug|Win32
		{FED71DE8-AAAD-4560-8881-E210781EB402}.Debug|x86.Build.0 = Debug|Win32
		{FED71DE8-AAAD-4560-8881-E210781EB402}.Release|x64.ActiveCfg = Release|x64
		{FED71DE8-AAAD-4560-8881-E210781EB402}.Release|x64.Build.0 = Release|x64
		{FED71DE8-AAAD-4560-8881-E210781EB402}.Release|x86.ActiveCfg = Release|Win32
		{FED71DE8-AAAD-4560-8881-E210781EB402}.Release|x86.Build.0 = Release|Win32
	EndGlobalSection
	GlobalSection(SolutionProperties) = preSolution
		HideSolutionNode = FALSE
	EndGlobalSection
	GlobalSection(ExtensibilityGlobals) = postSolution
		SolutionGuid = {1947A5E9-E0A4-40B4-9163-740A25DD3718}
	EndGlobalSection
EndGlobal
